
Microsoft Visual Studio Solution File, Format Version 12.00
# Visual Studio Version 17
VisualStudioVersion = 17.14.36603.0 d17.14
MinimumVisualStudioVersion = 10.0.40219.1
Project("{FAE04EC0-301F-11D3-BF4B-00C04F79EFBC}") = "HoangMinhHaiDang_PRN212_01", "HoangMinhHaiDang_PRN212_01\HoangMinhHaiDang_PRN212_01.csproj", "{0896F8DA-1E7F-4B98-BC75-EDEE109CC99A}"
EndProject
Project("{FAE04EC0-301F-11D3-BF4B-00C04F79EFBC}") = "BusinessObject", "BusinessObject\BusinessObject.csproj", "{3998628E-926B-4AA0-A501-8AE0C5873792}"
EndProject
Project("{FAE04EC0-301F-11D3-BF4B-00C04F79EFBC}") = "DataAccess", "DataAccess\DataAccess.csproj", "{973613AB-6009-416A-AFE0-0A3F5B6D1B83}"
EndProject
Project("{FAE04EC0-301F-11D3-BF4B-00C04F79EFBC}") = "Repository", "Repository\Repository.csproj", "{2EDA6BD3-EB95-41E6-9100-09DBC4AD5096}"
EndProject
Global
	GlobalSection(SolutionConfigurationPlatforms) = preSolution
		Debug|Any CPU = Debug|Any CPU
		Release|Any CPU = Release|Any CPU
	EndGlobalSection
	GlobalSection(ProjectConfigurationPlatforms) = postSolution
		{0896F8DA-1E7F-4B98-BC75-EDEE109CC99A}.Debug|Any CPU.ActiveCfg = Debug|Any CPU
		{0896F8DA-1E7F-4B98-BC75-EDEE109CC99A}.Debug|Any CPU.Build.0 = Debug|Any CPU
		{0896F8DA-1E7F-4B98-BC75-EDEE109CC99A}.Release|Any CPU.ActiveCfg = Release|Any CPU
		{0896F8DA-1E7F-4B98-BC75-EDEE109CC99A}.Release|Any CPU.Build.0 = Release|Any CPU
		{3998628E-926B-4AA0-A501-8AE0C5873792}.Debug|Any CPU.ActiveCfg = Debug|Any CPU
		{3998628E-926B-4AA0-A501-8AE0C5873792}.Debug|Any CPU.Build.0 = Debug|Any CPU
		{3998628E-926B-4AA0-A501-8AE0C5873792}.Release|Any CPU.ActiveCfg = Release|Any CPU
		{3998628E-926B-4AA0-A501-8AE0C5873792}.Release|Any CPU.Build.0 = Release|Any CPU
		{973613AB-6009-416A-AFE0-0A3F5B6D1B83}.Debug|Any CPU.ActiveCfg = Debug|Any CPU
		{973613AB-6009-416A-AFE0-0A3F5B6D1B83}.Debug|Any CPU.Build.0 = Debug|Any CPU
		{973613AB-6009-416A-AFE0-0A3F5B6D1B83}.Release|Any CPU.ActiveCfg = Release|Any CPU
		{973613AB-6009-416A-AFE0-0A3F5B6D1B83}.Release|Any CPU.Build.0 = Release|Any CPU
		{2EDA6BD3-EB95-41E6-9100-09DBC4AD5096}.Debug|Any CPU.ActiveCfg = Debug|Any CPU
		{2EDA6BD3-EB95-41E6-9100-09DBC4AD5096}.Debug|Any CPU.Build.0 = Debug|Any CPU
		{2EDA6BD3-EB95-41E6-9100-09DBC4AD5096}.Release|Any CPU.ActiveCfg = Release|Any CPU
		{2EDA6BD3-EB95-41E6-9100-09DBC4AD5096}.Release|Any CPU.Build.0 = Release|Any CPU
	EndGlobalSection
	GlobalSection(SolutionProperties) = preSolution
		HideSolutionNode = FALSE
	EndGlobalSection
	GlobalSection(ExtensibilityGlobals) = postSolution
		SolutionGuid = {2D76A45A-088D-49E2-8736-FC1A0073F2A8}
	EndGlobalSection
EndGlobal
